
Microsoft Visual Studio Solution File, Format Version 12.00
# Visual Studio Version 16
VisualStudioVersion = 16.0.30011.22
MinimumVisualStudioVersion = 10.0.40219.1
Project("{9A19103F-16F7-4668-BE54-9A1E7A4F7556}") = "APICore", "APICore\APICore.csproj", "{7983B695-4949-4086-9302-8DB73235E077}"
EndProject
Project("{9A19103F-16F7-4668-BE54-9A1E7A4F7556}") = "DomainCore", "DomainCore\DomainCore.csproj", "{A84E2500-00B6-4639-830F-9E1DF7815DE2}"
EndProject
Project("{9A19103F-16F7-4668-BE54-9A1E7A4F7556}") = "VCore.WPF", "VCore\VCore.WPF.csproj", "{5AA43597-FD3D-4F10-89A5-EB77D3B831D9}"
EndProject
Project("{9A19103F-16F7-4668-BE54-9A1E7A4F7556}") = "WebsiteParser", "WebsiteParser\WebsiteParser.csproj", "{D246457A-5A88-4A3E-9EC8-51B80199AC76}"
EndProject
Project("{9A19103F-16F7-4668-BE54-9A1E7A4F7556}") = "Logger", "Logger\Logger.csproj", "{6212FADF-45A6-4613-B5A8-5C5A57F3BFB0}"
EndProject
Project("{9A19103F-16F7-4668-BE54-9A1E7A4F7556}") = "VCore.Standard", "VCore.Standard\VCore.Standard.csproj", "{FA80DE69-5166-4402-81F1-293BF7A99213}"
EndProject
Project("{2150E333-8FDC-42A3-9474-1A3956D46DE8}") = "Common", "Common", "{2C6EEF2E-4F7D-4C60-96D3-2A41A1F7DDA8}"
EndProject
Project("{2150E333-8FDC-42A3-9474-1A3956D46DE8}") = "Custom", "Custom", "{96666A97-D92F-4353-9543-2FC28AC56210}"
EndProject
Project("{9A19103F-16F7-4668-BE54-9A1E7A4F7556}") = "SoundManagement", "SoundManagement\SoundManagement.csproj", "{1A6B9941-3F1E-4E02-95EE-323BBA50653F}"
EndProject
Project("{9A19103F-16F7-4668-BE54-9A1E7A4F7556}") = "ChromeDriverScrapper", "Custom\ChromeDriverScrapper\ChromeDriverScrapper.csproj", "{3D72DA85-7942-4F0F-BADE-5793AC1F9D91}"
EndProject
Project("{9A19103F-16F7-4668-BE54-9A1E7A4F7556}") = "PCloudClient", "Custom\PCloudClient\PCloudClient.csproj", "{7E651C47-5D0F-4150-AF59-3DC418492A87}"
EndProject
Global
	GlobalSection(SolutionConfigurationPlatforms) = preSolution
		Debug|Any CPU = Debug|Any CPU
		Debug|x64 = Debug|x64
		Debug|x86 = Debug|x86
		Release|Any CPU = Release|Any CPU
		Release|x64 = Release|x64
		Release|x86 = Release|x86
	EndGlobalSection
	GlobalSection(ProjectConfigurationPlatforms) = postSolution
		{7983B695-4949-4086-9302-8DB73235E077}.Debug|Any CPU.ActiveCfg = Debug|Any CPU
		{7983B695-4949-4086-9302-8DB73235E077}.Debug|Any CPU.Build.0 = Debug|Any CPU
		{7983B695-4949-4086-9302-8DB73235E077}.Debug|x64.ActiveCfg = Debug|Any CPU
		{7983B695-4949-4086-9302-8DB73235E077}.Debug|x64.Build.0 = Debug|Any CPU
		{7983B695-4949-4086-9302-8DB73235E077}.Debug|x86.ActiveCfg = Debug|Any CPU
		{7983B695-4949-4086-9302-8DB73235E077}.Debug|x86.Build.0 = Debug|Any CPU
		{7983B695-4949-4086-9302-8DB73235E077}.Release|Any CPU.ActiveCfg = Release|Any CPU
		{7983B695-4949-4086-9302-8DB73235E077}.Release|Any CPU.Build.0 = Release|Any CPU
		{7983B695-4949-4086-9302-8DB73235E077}.Release|x64.ActiveCfg = Release|Any CPU
		{7983B695-4949-4086-9302-8DB73235E077}.Release|x64.Build.0 = Release|Any CPU
		{7983B695-4949-4086-9302-8DB73235E077}.Release|x86.ActiveCfg = Release|Any CPU
		{7983B695-4949-4086-9302-8DB73235E077}.Release|x86.Build.0 = Release|Any CPU
		{A84E2500-00B6-4639-830F-9E1DF7815DE2}.Debug|Any CPU.ActiveCfg = Debug|Any CPU
		{A84E2500-00B6-4639-830F-9E1DF7815DE2}.Debug|Any CPU.Build.0 = Debug|Any CPU
		{A84E2500-00B6-4639-830F-9E1DF7815DE2}.Debug|x64.ActiveCfg = Debug|Any CPU
		{A84E2500-00B6-4639-830F-9E1DF7815DE2}.Debug|x64.Build.0 = Debug|Any CPU
		{A84E2500-00B6-4639-830F-9E1DF7815DE2}.Debug|x86.ActiveCfg = Debug|Any CPU
		{A84E2500-00B6-4639-830F-9E1DF7815DE2}.Debug|x86.Build.0 = Debug|Any CPU
		{A84E2500-00B6-4639-830F-9E1DF7815DE2}.Release|Any CPU.ActiveCfg = Release|Any CPU
		{A84E2500-00B6-4639-830F-9E1DF7815DE2}.Release|Any CPU.Build.0 = Release|Any CPU
		{A84E2500-00B6-4639-830F-9E1DF7815DE2}.Release|x64.ActiveCfg = Release|Any CPU
		{A84E2500-00B6-4639-830F-9E1DF7815DE2}.Release|x64.Build.0 = Release|Any CPU
		{A84E2500-00B6-4639-830F-9E1DF7815DE2}.Release|x86.ActiveCfg = Release|Any CPU
		{A84E2500-00B6-4639-830F-9E1DF7815DE2}.Release|x86.Build.0 = Release|Any CPU
		{5AA43597-FD3D-4F10-89A5-EB77D3B831D9}.Debug|Any CPU.ActiveCfg = Debug|Any CPU
		{5AA43597-FD3D-4F10-89A5-EB77D3B831D9}.Debug|Any CPU.Build.0 = Debug|Any CPU
		{5AA43597-FD3D-4F10-89A5-EB77D3B831D9}.Debug|x64.ActiveCfg = Debug|x64
		{5AA43597-FD3D-4F10-89A5-EB77D3B831D9}.Debug|x64.Build.0 = Debug|x64
		{5AA43597-FD3D-4F10-89A5-EB77D3B831D9}.Debug|x86.ActiveCfg = Debug|x86
		{5AA43597-FD3D-4F10-89A5-EB77D3B831D9}.Debug|x86.Build.0 = Debug|x86
		{5AA43597-FD3D-4F10-89A5-EB77D3B831D9}.Release|Any CPU.ActiveCfg = Release|Any CPU
		{5AA43597-FD3D-4F10-89A5-EB77D3B831D9}.Release|Any CPU.Build.0 = Release|Any CPU
		{5AA43597-FD3D-4F10-89A5-EB77D3B831D9}.Release|x64.ActiveCfg = Release|x64
		{5AA43597-FD3D-4F10-89A5-EB77D3B831D9}.Release|x64.Build.0 = Release|x64
		{5AA43597-FD3D-4F10-89A5-EB77D3B831D9}.Release|x86.ActiveCfg = Release|x86
		{5AA43597-FD3D-4F10-89A5-EB77D3B831D9}.Release|x86.Build.0 = Release|x86
		{D246457A-5A88-4A3E-9EC8-51B80199AC76}.Debug|Any CPU.ActiveCfg = Debug|Any CPU
		{D246457A-5A88-4A3E-9EC8-51B80199AC76}.Debug|Any CPU.Build.0 = Debug|Any CPU
		{D246457A-5A88-4A3E-9EC8-51B80199AC76}.Debug|x64.ActiveCfg = Debug|Any CPU
		{D246457A-5A88-4A3E-9EC8-51B80199AC76}.Debug|x64.Build.0 = Debug|Any CPU
		{D246457A-5A88-4A3E-9EC8-51B80199AC76}.Debug|x86.ActiveCfg = Debug|x86
		{D246457A-5A88-4A3E-9EC8-51B80199AC76}.Debug|x86.Build.0 = Debug|x86
		{D246457A-5A88-4A3E-9EC8-51B80199AC76}.Release|Any CPU.ActiveCfg = Release|Any CPU
		{D246457A-5A88-4A3E-9EC8-51B80199AC76}.Release|Any CPU.Build.0 = Release|Any CPU
		{D246457A-5A88-4A3E-9EC8-51B80199AC76}.Release|x64.ActiveCfg = Release|Any CPU
		{D246457A-5A88-4A3E-9EC8-51B80199AC76}.Release|x64.Build.0 = Release|Any CPU
		{D246457A-5A88-4A3E-9EC8-51B80199AC76}.Release|x86.ActiveCfg = Release|x86
		{D246457A-5A88-4A3E-9EC8-51B80199AC76}.Release|x86.Build.0 = Release|x86
		{6212FADF-45A6-4613-B5A8-5C5A57F3BFB0}.Debug|Any CPU.ActiveCfg = Debug|Any CPU
		{6212FADF-45A6-4613-B5A8-5C5A57F3BFB0}.Debug|Any CPU.Build.0 = Debug|Any CPU
		{6212FADF-45A6-4613-B5A8-5C5A57F3BFB0}.Debug|x64.ActiveCfg = Debug|Any CPU
		{6212FADF-45A6-4613-B5A8-5C5A57F3BFB0}.Debug|x64.Build.0 = Debug|Any CPU
		{6212FADF-45A6-4613-B5A8-5C5A57F3BFB0}.Debug|x86.ActiveCfg = Debug|x86
		{6212FADF-45A6-4613-B5A8-5C5A57F3BFB0}.Debug|x86.Build.0 = Debug|x86
		{6212FADF-45A6-4613-B5A8-5C5A57F3BFB0}.Release|Any CPU.ActiveCfg = Release|Any CPU
		{6212FADF-45A6-4613-B5A8-5C5A57F3BFB0}.Release|Any CPU.Build.0 = Release|Any CPU
		{6212FADF-45A6-4613-B5A8-5C5A57F3BFB0}.Release|x64.ActiveCfg = Release|Any CPU
		{6212FADF-45A6-4613-B5A8-5C5A57F3BFB0}.Release|x64.Build.0 = Release|Any CPU
		{6212FADF-45A6-4613-B5A8-5C5A57F3BFB0}.Release|x86.ActiveCfg = Release|x86
		{6212FADF-45A6-4613-B5A8-5C5A57F3BFB0}.Release|x86.Build.0 = Release|x86
		{FA80DE69-5166-4402-81F1-293BF7A99213}.Debug|Any CPU.ActiveCfg = Debug|Any CPU
		{FA80DE69-5166-4402-81F1-293BF7A99213}.Debug|Any CPU.Build.0 = Debug|Any CPU
		{FA80DE69-5166-4402-81F1-293BF7A99213}.Debug|x64.ActiveCfg = Debug|Any CPU
		{FA80DE69-5166-4402-81F1-293BF7A99213}.Debug|x64.Build.0 = Debug|Any CPU
		{FA80DE69-5166-4402-81F1-293BF7A99213}.Debug|x86.ActiveCfg = Debug|x86
		{FA80DE69-5166-4402-81F1-293BF7A99213}.Debug|x86.Build.0 = Debug|x86
		{FA80DE69-5166-4402-81F1-293BF7A99213}.Release|Any CPU.ActiveCfg = Release|Any CPU
		{FA80DE69-5166-4402-81F1-293BF7A99213}.Release|Any CPU.Build.0 = Release|Any CPU
		{FA80DE69-5166-4402-81F1-293BF7A99213}.Release|x64.ActiveCfg = Release|Any CPU
		{FA80DE69-5166-4402-81F1-293BF7A99213}.Release|x64.Build.0 = Release|Any CPU
		{FA80DE69-5166-4402-81F1-293BF7A99213}.Release|x86.ActiveCfg = Release|x86
		{FA80DE69-5166-4402-81F1-293BF7A99213}.Release|x86.Build.0 = Release|x86
		{1A6B9941-3F1E-4E02-95EE-323BBA50653F}.Debug|Any CPU.ActiveCfg = Debug|Any CPU
		{1A6B9941-3F1E-4E02-95EE-323BBA50653F}.Debug|Any CPU.Build.0 = Debug|Any CPU
		{1A6B9941-3F1E-4E02-95EE-323BBA50653F}.Debug|x64.ActiveCfg = Debug|Any CPU
		{1A6B9941-3F1E-4E02-95EE-323BBA50653F}.Debug|x64.Build.0 = Debug|Any CPU
		{1A6B9941-3F1E-4E02-95EE-323BBA50653F}.Debug|x86.ActiveCfg = Debug|x86
		{1A6B9941-3F1E-4E02-95EE-323BBA50653F}.Debug|x86.Build.0 = Debug|x86
		{1A6B9941-3F1E-4E02-95EE-323BBA50653F}.Release|Any CPU.ActiveCfg = Release|Any CPU
		{1A6B9941-3F1E-4E02-95EE-323BBA50653F}.Release|Any CPU.Build.0 = Release|Any CPU
		{1A6B9941-3F1E-4E02-95EE-323BBA50653F}.Release|x64.ActiveCfg = Release|Any CPU
		{1A6B9941-3F1E-4E02-95EE-323BBA50653F}.Release|x64.Build.0 = Release|Any CPU
		{1A6B9941-3F1E-4E02-95EE-323BBA50653F}.Release|x86.ActiveCfg = Release|x86
		{1A6B9941-3F1E-4E02-95EE-323BBA50653F}.Release|x86.Build.0 = Release|x86
		{3D72DA85-7942-4F0F-BADE-5793AC1F9D91}.Debug|Any CPU.ActiveCfg = Debug|x64
		{3D72DA85-7942-4F0F-BADE-5793AC1F9D91}.Debug|x64.ActiveCfg = Debug|x64
		{3D72DA85-7942-4F0F-BADE-5793AC1F9D91}.Debug|x64.Build.0 = Debug|x64
		{3D72DA85-7942-4F0F-BADE-5793AC1F9D91}.Debug|x86.ActiveCfg = Debug|x64
		{3D72DA85-7942-4F0F-BADE-5793AC1F9D91}.Release|Any CPU.ActiveCfg = Release|x64
		{3D72DA85-7942-4F0F-BADE-5793AC1F9D91}.Release|x64.ActiveCfg = Release|x64
		{3D72DA85-7942-4F0F-BADE-5793AC1F9D91}.Release|x64.Build.0 = Release|x64
		{3D72DA85-7942-4F0F-BADE-5793AC1F9D91}.Release|x86.ActiveCfg = Release|x64
		{7E651C47-5D0F-4150-AF59-3DC418492A87}.Debug|Any CPU.ActiveCfg = Debug|Any CPU
		{7E651C47-5D0F-4150-AF59-3DC418492A87}.Debug|Any CPU.Build.0 = Debug|Any CPU
		{7E651C47-5D0F-4150-AF59-3DC418492A87}.Debug|x64.ActiveCfg = Debug|Any CPU
		{7E651C47-5D0F-4150-AF59-3DC418492A87}.Debug|x64.Build.0 = Debug|Any CPU
		{7E651C47-5D0F-4150-AF59-3DC418492A87}.Debug|x86.ActiveCfg = Debug|Any CPU
		{7E651C47-5D0F-4150-AF59-3DC418492A87}.Debug|x86.Build.0 = Debug|Any CPU
		{7E651C47-5D0F-4150-AF59-3DC418492A87}.Release|Any CPU.ActiveCfg = Release|Any CPU
		{7E651C47-5D0F-4150-AF59-3DC418492A87}.Release|Any CPU.Build.0 = Release|Any CPU
		{7E651C47-5D0F-4150-AF59-3DC418492A87}.Release|x64.ActiveCfg = Release|Any CPU
		{7E651C47-5D0F-4150-AF59-3DC418492A87}.Release|x64.Build.0 = Release|Any CPU
		{7E651C47-5D0F-4150-AF59-3DC418492A87}.Release|x86.ActiveCfg = Release|Any CPU
		{7E651C47-5D0F-4150-AF59-3DC418492A87}.Release|x86.Build.0 = Release|Any CPU
	EndGlobalSection
	GlobalSection(SolutionProperties) = preSolution
		HideSolutionNode = FALSE
	EndGlobalSection
	GlobalSection(NestedProjects) = preSolution
		{7983B695-4949-4086-9302-8DB73235E077} = {2C6EEF2E-4F7D-4C60-96D3-2A41A1F7DDA8}
		{A84E2500-00B6-4639-830F-9E1DF7815DE2} = {2C6EEF2E-4F7D-4C60-96D3-2A41A1F7DDA8}
		{5AA43597-FD3D-4F10-89A5-EB77D3B831D9} = {2C6EEF2E-4F7D-4C60-96D3-2A41A1F7DDA8}
		{D246457A-5A88-4A3E-9EC8-51B80199AC76} = {96666A97-D92F-4353-9543-2FC28AC56210}
		{6212FADF-45A6-4613-B5A8-5C5A57F3BFB0} = {2C6EEF2E-4F7D-4C60-96D3-2A41A1F7DDA8}
		{FA80DE69-5166-4402-81F1-293BF7A99213} = {2C6EEF2E-4F7D-4C60-96D3-2A41A1F7DDA8}
		{1A6B9941-3F1E-4E02-95EE-323BBA50653F} = {96666A97-D92F-4353-9543-2FC28AC56210}
		{3D72DA85-7942-4F0F-BADE-5793AC1F9D91} = {96666A97-D92F-4353-9543-2FC28AC56210}
		{7E651C47-5D0F-4150-AF59-3DC418492A87} = {96666A97-D92F-4353-9543-2FC28AC56210}
	EndGlobalSection
	GlobalSection(ExtensibilityGlobals) = postSolution
		SolutionGuid = {05506A38-723E-40A5-ADFB-AEB1EF1971BB}
	EndGlobalSection
EndGlobal
