
Microsoft Visual Studio Solution File, Format Version 12.00
# Visual Studio Version 16
VisualStudioVersion = 16.0.30011.22
MinimumVisualStudioVersion = 10.0.40219.1
Project("{9A19103F-16F7-4668-BE54-9A1E7A4F7556}") = "APICore", "APICore\APICore.csproj", "{7983B695-4949-4086-9302-8DB73235E077}"
EndProject
Project("{9A19103F-16F7-4668-BE54-9A1E7A4F7556}") = "DomainCore", "DomainCore\DomainCore.csproj", "{A84E2500-00B6-4639-830F-9E1DF7815DE2}"
EndProject
Project("{FAE04EC0-301F-11D3-BF4B-00C04F79EFBC}") = "VCore", "VCore\VCore.csproj", "{5AA43597-FD3D-4F10-89A5-EB77D3B831D9}"
EndProject
Project("{9A19103F-16F7-4668-BE54-9A1E7A4F7556}") = "WebsiteParser", "WebsiteParser\WebsiteParser.csproj", "{D246457A-5A88-4A3E-9EC8-51B80199AC76}"
EndProject
Project("{FAE04EC0-301F-11D3-BF4B-00C04F79EFBC}") = "Logger", "Logger\Logger.csproj", "{6212FADF-45A6-4613-B5A8-5C5A57F3BFB0}"
EndProject
Project("{FAE04EC0-301F-11D3-BF4B-00C04F79EFBC}") = "VCore.Standard", "VCore.Standard\VCore.Standard.csproj", "{FA80DE69-5166-4402-81F1-293BF7A99213}"
EndProject
Global
	GlobalSection(SolutionConfigurationPlatforms) = preSolution
		Debug|Any CPU = Debug|Any CPU
		Debug|x64 = Debug|x64
		Release|Any CPU = Release|Any CPU
		Release|x64 = Release|x64
	EndGlobalSection
	GlobalSection(ProjectConfigurationPlatforms) = postSolution
		{7983B695-4949-4086-9302-8DB73235E077}.Debug|Any CPU.ActiveCfg = Debug|Any CPU
		{7983B695-4949-4086-9302-8DB73235E077}.Debug|Any CPU.Build.0 = Debug|Any CPU
		{7983B695-4949-4086-9302-8DB73235E077}.Debug|x64.ActiveCfg = Debug|Any CPU
		{7983B695-4949-4086-9302-8DB73235E077}.Debug|x64.Build.0 = Debug|Any CPU
		{7983B695-4949-4086-9302-8DB73235E077}.Release|Any CPU.ActiveCfg = Release|Any CPU
		{7983B695-4949-4086-9302-8DB73235E077}.Release|Any CPU.Build.0 = Release|Any CPU
		{7983B695-4949-4086-9302-8DB73235E077}.Release|x64.ActiveCfg = Release|Any CPU
		{7983B695-4949-4086-9302-8DB73235E077}.Release|x64.Build.0 = Release|Any CPU
		{A84E2500-00B6-4639-830F-9E1DF7815DE2}.Debug|Any CPU.ActiveCfg = Debug|Any CPU
		{A84E2500-00B6-4639-830F-9E1DF7815DE2}.Debug|Any CPU.Build.0 = Debug|Any CPU
		{A84E2500-00B6-4639-830F-9E1DF7815DE2}.Debug|x64.ActiveCfg = Debug|Any CPU
		{A84E2500-00B6-4639-830F-9E1DF7815DE2}.Debug|x64.Build.0 = Debug|Any CPU
		{A84E2500-00B6-4639-830F-9E1DF7815DE2}.Release|Any CPU.ActiveCfg = Release|Any CPU
		{A84E2500-00B6-4639-830F-9E1DF7815DE2}.Release|Any CPU.Build.0 = Release|Any CPU
		{A84E2500-00B6-4639-830F-9E1DF7815DE2}.Release|x64.ActiveCfg = Release|Any CPU
		{A84E2500-00B6-4639-830F-9E1DF7815DE2}.Release|x64.Build.0 = Release|Any CPU
		{5AA43597-FD3D-4F10-89A5-EB77D3B831D9}.Debug|Any CPU.ActiveCfg = Debug|Any CPU
		{5AA43597-FD3D-4F10-89A5-EB77D3B831D9}.Debug|Any CPU.Build.0 = Debug|Any CPU
		{5AA43597-FD3D-4F10-89A5-EB77D3B831D9}.Debug|x64.ActiveCfg = Debug|x64
		{5AA43597-FD3D-4F10-89A5-EB77D3B831D9}.Debug|x64.Build.0 = Debug|x64
		{5AA43597-FD3D-4F10-89A5-EB77D3B831D9}.Release|Any CPU.ActiveCfg = Release|Any CPU
		{5AA43597-FD3D-4F10-89A5-EB77D3B831D9}.Release|Any CPU.Build.0 = Release|Any CPU
		{5AA43597-FD3D-4F10-89A5-EB77D3B831D9}.Release|x64.ActiveCfg = Release|x64
		{5AA43597-FD3D-4F10-89A5-EB77D3B831D9}.Release|x64.Build.0 = Release|x64
		{D246457A-5A88-4A3E-9EC8-51B80199AC76}.Debug|Any CPU.ActiveCfg = Debug|Any CPU
		{D246457A-5A88-4A3E-9EC8-51B80199AC76}.Debug|Any CPU.Build.0 = Debug|Any CPU
		{D246457A-5A88-4A3E-9EC8-51B80199AC76}.Debug|x64.ActiveCfg = Debug|Any CPU
		{D246457A-5A88-4A3E-9EC8-51B80199AC76}.Debug|x64.Build.0 = Debug|Any CPU
		{D246457A-5A88-4A3E-9EC8-51B80199AC76}.Release|Any CPU.ActiveCfg = Release|Any CPU
		{D246457A-5A88-4A3E-9EC8-51B80199AC76}.Release|Any CPU.Build.0 = Release|Any CPU
		{D246457A-5A88-4A3E-9EC8-51B80199AC76}.Release|x64.ActiveCfg = Release|Any CPU
		{D246457A-5A88-4A3E-9EC8-51B80199AC76}.Release|x64.Build.0 = Release|Any CPU
		{6212FADF-45A6-4613-B5A8-5C5A57F3BFB0}.Debug|Any CPU.ActiveCfg = Debug|Any CPU
		{6212FADF-45A6-4613-B5A8-5C5A57F3BFB0}.Debug|Any CPU.Build.0 = Debug|Any CPU
		{6212FADF-45A6-4613-B5A8-5C5A57F3BFB0}.Debug|x64.ActiveCfg = Debug|Any CPU
		{6212FADF-45A6-4613-B5A8-5C5A57F3BFB0}.Debug|x64.Build.0 = Debug|Any CPU
		{6212FADF-45A6-4613-B5A8-5C5A57F3BFB0}.Release|Any CPU.ActiveCfg = Release|Any CPU
		{6212FADF-45A6-4613-B5A8-5C5A57F3BFB0}.Release|Any CPU.Build.0 = Release|Any CPU
		{6212FADF-45A6-4613-B5A8-5C5A57F3BFB0}.Release|x64.ActiveCfg = Release|Any CPU
		{6212FADF-45A6-4613-B5A8-5C5A57F3BFB0}.Release|x64.Build.0 = Release|Any CPU
		{FA80DE69-5166-4402-81F1-293BF7A99213}.Debug|Any CPU.ActiveCfg = Debug|Any CPU
		{FA80DE69-5166-4402-81F1-293BF7A99213}.Debug|Any CPU.Build.0 = Debug|Any CPU
		{FA80DE69-5166-4402-81F1-293BF7A99213}.Debug|x64.ActiveCfg = Debug|Any CPU
		{FA80DE69-5166-4402-81F1-293BF7A99213}.Debug|x64.Build.0 = Debug|Any CPU
		{FA80DE69-5166-4402-81F1-293BF7A99213}.Release|Any CPU.ActiveCfg = Release|Any CPU
		{FA80DE69-5166-4402-81F1-293BF7A99213}.Release|Any CPU.Build.0 = Release|Any CPU
		{FA80DE69-5166-4402-81F1-293BF7A99213}.Release|x64.ActiveCfg = Release|Any CPU
		{FA80DE69-5166-4402-81F1-293BF7A99213}.Release|x64.Build.0 = Release|Any CPU
	EndGlobalSection
	GlobalSection(SolutionProperties) = preSolution
		HideSolutionNode = FALSE
	EndGlobalSection
	GlobalSection(ExtensibilityGlobals) = postSolution
		SolutionGuid = {05506A38-723E-40A5-ADFB-AEB1EF1971BB}
	EndGlobalSection
EndGlobal
